
Microsoft Visual Studio Solution File, Format Version 12.00
# Visual Studio 2012
Project("{FAE04EC0-301F-11D3-BF4B-00C04F79EFBC}") = "Timer", "BrainTimer\Timer.csproj", "{3C644A1C-0849-4CA3-93BC-8A5589217E0B}"
EndProject
Global
	GlobalSection(SolutionConfigurationPlatforms) = preSolution
		Debug|Any CPU = Debug|Any CPU
		Release|Any CPU = Release|Any CPU
	EndGlobalSection
	GlobalSection(ProjectConfigurationPlatforms) = postSolution
		{3C644A1C-0849-4CA3-93BC-8A5589217E0B}.Debug|Any CPU.ActiveCfg = Debug|Any CPU
		{3C644A1C-0849-4CA3-93BC-8A5589217E0B}.Debug|Any CPU.Build.0 = Debug|Any CPU
		{3C644A1C-0849-4CA3-93BC-8A5589217E0B}.Release|Any CPU.ActiveCfg = Release|Any CPU
		{3C644A1C-0849-4CA3-93BC-8A5589217E0B}.Release|Any CPU.Build.0 = Release|Any CPU
	EndGlobalSection
	GlobalSection(SolutionProperties) = preSolution
		HideSolutionNode = FALSE
	EndGlobalSection
EndGlobal
